// !$*UTF8*$!
{
	archiveVersion = 1;
	classes = {
	};
	objectVersion = 56;
	objects = {

/* Begin PBXBuildFile section */
		85E4AFCE295BFD50008008C2 /* AppDelegate.swift in Sources */ = {isa = PBXBuildFile; fileRef = 85E4AFCD295BFD50008008C2 /* AppDelegate.swift */; };
		85E4AFD0295BFD50008008C2 /* SceneDelegate.swift in Sources */ = {isa = PBXBuildFile; fileRef = 85E4AFCF295BFD50008008C2 /* SceneDelegate.swift */; };
		85E4AFD5295BFD50008008C2 /* Main.storyboard in Resources */ = {isa = PBXBuildFile; fileRef = 85E4AFD3295BFD50008008C2 /* Main.storyboard */; };
		85E4AFD7295BFD53008008C2 /* Assets.xcassets in Resources */ = {isa = PBXBuildFile; fileRef = 85E4AFD6295BFD53008008C2 /* Assets.xcassets */; };
		85E4AFDA295BFD53008008C2 /* LaunchScreen.storyboard in Resources */ = {isa = PBXBuildFile; fileRef = 85E4AFD8295BFD53008008C2 /* LaunchScreen.storyboard */; };
		85E4AFE5295BFD54008008C2 /* ToiletMapsTests.swift in Sources */ = {isa = PBXBuildFile; fileRef = 85E4AFE4295BFD54008008C2 /* ToiletMapsTests.swift */; };
		85E4AFEF295BFD54008008C2 /* ToiletMapsUITests.swift in Sources */ = {isa = PBXBuildFile; fileRef = 85E4AFEE295BFD54008008C2 /* ToiletMapsUITests.swift */; };
		85E4AFF1295BFD54008008C2 /* ToiletMapsUITestsLaunchTests.swift in Sources */ = {isa = PBXBuildFile; fileRef = 85E4AFF0295BFD54008008C2 /* ToiletMapsUITestsLaunchTests.swift */; };
		85E4AFFE295C02DF008008C2 /* StartViewController.swift in Sources */ = {isa = PBXBuildFile; fileRef = 85E4AFFD295C02DF008008C2 /* StartViewController.swift */; };
		85E4B001295C04AC008008C2 /* GoogleService-Info.plist in Resources */ = {isa = PBXBuildFile; fileRef = 85E4B000295C04AA008008C2 /* GoogleService-Info.plist */; };
		85E4B004295C05CD008008C2 /* FirebaseAnalytics in Frameworks */ = {isa = PBXBuildFile; productRef = 85E4B003295C05CD008008C2 /* FirebaseAnalytics */; };
		85E4B006295C05CE008008C2 /* FirebaseAuth in Frameworks */ = {isa = PBXBuildFile; productRef = 85E4B005295C05CE008008C2 /* FirebaseAuth */; };
		85E4B008295C05CE008008C2 /* FirebaseDatabase in Frameworks */ = {isa = PBXBuildFile; productRef = 85E4B007295C05CE008008C2 /* FirebaseDatabase */; };
		85E4B00A295C05CE008008C2 /* FirebaseStorage in Frameworks */ = {isa = PBXBuildFile; productRef = 85E4B009295C05CE008008C2 /* FirebaseStorage */; };
/* End PBXBuildFile section */

/* Begin PBXContainerItemProxy section */
		85E4AFE1295BFD54008008C2 /* PBXContainerItemProxy */ = {
			isa = PBXContainerItemProxy;
			containerPortal = 85E4AFC2295BFD50008008C2 /* Project object */;
			proxyType = 1;
			remoteGlobalIDString = 85E4AFC9295BFD50008008C2;
			remoteInfo = ToiletMaps;
		};
		85E4AFEB295BFD54008008C2 /* PBXContainerItemProxy */ = {
			isa = PBXContainerItemProxy;
			containerPortal = 85E4AFC2295BFD50008008C2 /* Project object */;
			proxyType = 1;
			remoteGlobalIDString = 85E4AFC9295BFD50008008C2;
			remoteInfo = ToiletMaps;
		};
/* End PBXContainerItemProxy section */

/* Begin PBXFileReference section */
		85E4AFCA295BFD50008008C2 /* ToiletMaps.app */ = {isa = PBXFileReference; explicitFileType = wrapper.application; includeInIndex = 0; path = ToiletMaps.app; sourceTree = BUILT_PRODUCTS_DIR; };
		85E4AFCD295BFD50008008C2 /* AppDelegate.swift */ = {isa = PBXFileReference; lastKnownFileType = sourcecode.swift; path = AppDelegate.swift; sourceTree = "<group>"; };
		85E4AFCF295BFD50008008C2 /* SceneDelegate.swift */ = {isa = PBXFileReference; lastKnownFileType = sourcecode.swift; path = SceneDelegate.swift; sourceTree = "<group>"; };
		85E4AFD4295BFD50008008C2 /* Base */ = {isa = PBXFileReference; lastKnownFileType = file.storyboard; name = Base; path = Base.lproj/Main.storyboard; sourceTree = "<group>"; };
		85E4AFD6295BFD53008008C2 /* Assets.xcassets */ = {isa = PBXFileReference; lastKnownFileType = folder.assetcatalog; path = Assets.xcassets; sourceTree = "<group>"; };
		85E4AFD9295BFD53008008C2 /* Base */ = {isa = PBXFileReference; lastKnownFileType = file.storyboard; name = Base; path = Base.lproj/LaunchScreen.storyboard; sourceTree = "<group>"; };
		85E4AFDB295BFD53008008C2 /* Info.plist */ = {isa = PBXFileReference; lastKnownFileType = text.plist.xml; path = Info.plist; sourceTree = "<group>"; };
		85E4AFE0295BFD54008008C2 /* ToiletMapsTests.xctest */ = {isa = PBXFileReference; explicitFileType = wrapper.cfbundle; includeInIndex = 0; path = ToiletMapsTests.xctest; sourceTree = BUILT_PRODUCTS_DIR; };
		85E4AFE4295BFD54008008C2 /* ToiletMapsTests.swift */ = {isa = PBXFileReference; lastKnownFileType = sourcecode.swift; path = ToiletMapsTests.swift; sourceTree = "<group>"; };
		85E4AFEA295BFD54008008C2 /* ToiletMapsUITests.xctest */ = {isa = PBXFileReference; explicitFileType = wrapper.cfbundle; includeInIndex = 0; path = ToiletMapsUITests.xctest; sourceTree = BUILT_PRODUCTS_DIR; };
		85E4AFEE295BFD54008008C2 /* ToiletMapsUITests.swift */ = {isa = PBXFileReference; lastKnownFileType = sourcecode.swift; path = ToiletMapsUITests.swift; sourceTree = "<group>"; };
		85E4AFF0295BFD54008008C2 /* ToiletMapsUITestsLaunchTests.swift */ = {isa = PBXFileReference; lastKnownFileType = sourcecode.swift; path = ToiletMapsUITestsLaunchTests.swift; sourceTree = "<group>"; };
		85E4AFFD295C02DF008008C2 /* StartViewController.swift */ = {isa = PBXFileReference; lastKnownFileType = sourcecode.swift; path = StartViewController.swift; sourceTree = "<group>"; };
		85E4B000295C04AA008008C2 /* GoogleService-Info.plist */ = {isa = PBXFileReference; fileEncoding = 4; lastKnownFileType = text.plist.xml; name = "GoogleService-Info.plist"; path = "../../../../Downloads/GoogleService-Info.plist"; sourceTree = "<group>"; };
/* End PBXFileReference section */

/* Begin PBXFrameworksBuildPhase section */
		85E4AFC7295BFD50008008C2 /* Frameworks */ = {
			isa = PBXFrameworksBuildPhase;
			buildActionMask = 2147483647;
			files = (
				85E4B008295C05CE008008C2 /* FirebaseDatabase in Frameworks */,
				85E4B00A295C05CE008008C2 /* FirebaseStorage in Frameworks */,
				85E4B004295C05CD008008C2 /* FirebaseAnalytics in Frameworks */,
				85E4B006295C05CE008008C2 /* FirebaseAuth in Frameworks */,
			);
			runOnlyForDeploymentPostprocessing = 0;
		};
		85E4AFDD295BFD54008008C2 /* Frameworks */ = {
			isa = PBXFrameworksBuildPhase;
			buildActionMask = 2147483647;
			files = (
			);
			runOnlyForDeploymentPostprocessing = 0;
		};
		85E4AFE7295BFD54008008C2 /* Frameworks */ = {
			isa = PBXFrameworksBuildPhase;
			buildActionMask = 2147483647;
			files = (
			);
			runOnlyForDeploymentPostprocessing = 0;
		};
/* End PBXFrameworksBuildPhase section */

/* Begin PBXGroup section */
		85E4AFC1295BFD50008008C2 = {
			isa = PBXGroup;
			children = (
				85E4AFCC295BFD50008008C2 /* ToiletMaps */,
				85E4AFE3295BFD54008008C2 /* ToiletMapsTests */,
				85E4AFED295BFD54008008C2 /* ToiletMapsUITests */,
				85E4AFCB295BFD50008008C2 /* Products */,
			);
			sourceTree = "<group>";
		};
		85E4AFCB295BFD50008008C2 /* Products */ = {
			isa = PBXGroup;
			children = (
				85E4AFCA295BFD50008008C2 /* ToiletMaps.app */,
				85E4AFE0295BFD54008008C2 /* ToiletMapsTests.xctest */,
				85E4AFEA295BFD54008008C2 /* ToiletMapsUITests.xctest */,
			);
			name = Products;
			sourceTree = "<group>";
		};
		85E4AFCC295BFD50008008C2 /* ToiletMaps */ = {
			isa = PBXGroup;
			children = (
				85E4AFFF295C02F1008008C2 /* ViewControllers */,
				85E4AFCD295BFD50008008C2 /* AppDelegate.swift */,
				85E4AFCF295BFD50008008C2 /* SceneDelegate.swift */,
				85E4AFD3295BFD50008008C2 /* Main.storyboard */,
				85E4AFD6295BFD53008008C2 /* Assets.xcassets */,
				85E4AFD8295BFD53008008C2 /* LaunchScreen.storyboard */,
				85E4AFDB295BFD53008008C2 /* Info.plist */,
				85E4B000295C04AA008008C2 /* GoogleService-Info.plist */,
			);
			path = ToiletMaps;
			sourceTree = "<group>";
		};
		85E4AFE3295BFD54008008C2 /* ToiletMapsTests */ = {
			isa = PBXGroup;
			children = (
				85E4AFE4295BFD54008008C2 /* ToiletMapsTests.swift */,
			);
			path = ToiletMapsTests;
			sourceTree = "<group>";
		};
		85E4AFED295BFD54008008C2 /* ToiletMapsUITests */ = {
			isa = PBXGroup;
			children = (
				85E4AFEE295BFD54008008C2 /* ToiletMapsUITests.swift */,
				85E4AFF0295BFD54008008C2 /* ToiletMapsUITestsLaunchTests.swift */,
			);
			path = ToiletMapsUITests;
			sourceTree = "<group>";
		};
		85E4AFFF295C02F1008008C2 /* ViewControllers */ = {
			isa = PBXGroup;
			children = (
				85E4AFFD295C02DF008008C2 /* StartViewController.swift */,
			);
			path = ViewControllers;
			sourceTree = "<group>";
		};
/* End PBXGroup section */

/* Begin PBXNativeTarget section */
		85E4AFC9295BFD50008008C2 /* ToiletMaps */ = {
			isa = PBXNativeTarget;
			buildConfigurationList = 85E4AFF4295BFD54008008C2 /* Build configuration list for PBXNativeTarget "ToiletMaps" */;
			buildPhases = (
				85E4AFC6295BFD50008008C2 /* Sources */,
				85E4AFC7295BFD50008008C2 /* Frameworks */,
				85E4AFC8295BFD50008008C2 /* Resources */,
			);
			buildRules = (
			);
			dependencies = (
			);
			name = ToiletMaps;
			packageProductDependencies = (
				85E4B003295C05CD008008C2 /* FirebaseAnalytics */,
				85E4B005295C05CE008008C2 /* FirebaseAuth */,
				85E4B007295C05CE008008C2 /* FirebaseDatabase */,
				85E4B009295C05CE008008C2 /* FirebaseStorage */,
			);
			productName = ToiletMaps;
			productReference = 85E4AFCA295BFD50008008C2 /* ToiletMaps.app */;
			productType = "com.apple.product-type.application";
		};
		85E4AFDF295BFD54008008C2 /* ToiletMapsTests */ = {
			isa = PBXNativeTarget;
			buildConfigurationList = 85E4AFF7295BFD54008008C2 /* Build configuration list for PBXNativeTarget "ToiletMapsTests" */;
			buildPhases = (
				85E4AFDC295BFD54008008C2 /* Sources */,
				85E4AFDD295BFD54008008C2 /* Frameworks */,
				85E4AFDE295BFD54008008C2 /* Resources */,
			);
			buildRules = (
			);
			dependencies = (
				85E4AFE2295BFD54008008C2 /* PBXTargetDependency */,
			);
			name = ToiletMapsTests;
			productName = ToiletMapsTests;
			productReference = 85E4AFE0295BFD54008008C2 /* ToiletMapsTests.xctest */;
			productType = "com.apple.product-type.bundle.unit-test";
		};
		85E4AFE9295BFD54008008C2 /* ToiletMapsUITests */ = {
			isa = PBXNativeTarget;
			buildConfigurationList = 85E4AFFA295BFD54008008C2 /* Build configuration list for PBXNativeTarget "ToiletMapsUITests" */;
			buildPhases = (
				85E4AFE6295BFD54008008C2 /* Sources */,
				85E4AFE7295BFD54008008C2 /* Frameworks */,
				85E4AFE8295BFD54008008C2 /* Resources */,
			);
			buildRules = (
			);
			dependencies = (
				85E4AFEC295BFD54008008C2 /* PBXTargetDependency */,
			);
			name = ToiletMapsUITests;
			productName = ToiletMapsUITests;
			productReference = 85E4AFEA295BFD54008008C2 /* ToiletMapsUITests.xctest */;
			productType = "com.apple.product-type.bundle.ui-testing";
		};
/* End PBXNativeTarget section */

/* Begin PBXProject section */
		85E4AFC2295BFD50008008C2 /* Project object */ = {
			isa = PBXProject;
			attributes = {
				BuildIndependentTargetsInParallel = 1;
				LastSwiftUpdateCheck = 1420;
				LastUpgradeCheck = 1420;
				TargetAttributes = {
					85E4AFC9295BFD50008008C2 = {
						CreatedOnToolsVersion = 14.2;
					};
					85E4AFDF295BFD54008008C2 = {
						CreatedOnToolsVersion = 14.2;
						TestTargetID = 85E4AFC9295BFD50008008C2;
					};
					85E4AFE9295BFD54008008C2 = {
						CreatedOnToolsVersion = 14.2;
						TestTargetID = 85E4AFC9295BFD50008008C2;
					};
				};
			};
			buildConfigurationList = 85E4AFC5295BFD50008008C2 /* Build configuration list for PBXProject "ToiletMaps" */;
			compatibilityVersion = "Xcode 14.0";
			developmentRegion = en;
			hasScannedForEncodings = 0;
			knownRegions = (
				en,
				Base,
			);
			mainGroup = 85E4AFC1295BFD50008008C2;
			packageReferences = (
				85E4B002295C05CD008008C2 /* XCRemoteSwiftPackageReference "firebase-ios-sdk" */,
			);
			productRefGroup = 85E4AFCB295BFD50008008C2 /* Products */;
			projectDirPath = "";
			projectRoot = "";
			targets = (
				85E4AFC9295BFD50008008C2 /* ToiletMaps */,
				85E4AFDF295BFD54008008C2 /* ToiletMapsTests */,
				85E4AFE9295BFD54008008C2 /* ToiletMapsUITests */,
			);
		};
/* End PBXProject section */

/* Begin PBXResourcesBuildPhase section */
		85E4AFC8295BFD50008008C2 /* Resources */ = {
			isa = PBXResourcesBuildPhase;
			buildActionMask = 2147483647;
			files = (
				85E4AFDA295BFD53008008C2 /* LaunchScreen.storyboard in Resources */,
				85E4B001295C04AC008008C2 /* GoogleService-Info.plist in Resources */,
				85E4AFD7295BFD53008008C2 /* Assets.xcassets in Resources */,
				85E4AFD5295BFD50008008C2 /* Main.storyboard in Resources */,
			);
			runOnlyForDeploymentPostprocessing = 0;
		};
		85E4AFDE295BFD54008008C2 /* Resources */ = {
			isa = PBXResourcesBuildPhase;
			buildActionMask = 2147483647;
			files = (
			);
			runOnlyForDeploymentPostprocessing = 0;
		};
		85E4AFE8295BFD54008008C2 /* Resources */ = {
			isa = PBXResourcesBuildPhase;
			buildActionMask = 2147483647;
			files = (
			);
			runOnlyForDeploymentPostprocessing = 0;
		};
/* End PBXResourcesBuildPhase section */

/* Begin PBXSourcesBuildPhase section */
		85E4AFC6295BFD50008008C2 /* Sources */ = {
			isa = PBXSourcesBuildPhase;
			buildActionMask = 2147483647;
			files = (
				85E4AFCE295BFD50008008C2 /* AppDelegate.swift in Sources */,
				85E4AFD0295BFD50008008C2 /* SceneDelegate.swift in Sources */,
				85E4AFFE295C02DF008008C2 /* StartViewController.swift in Sources */,
			);
			runOnlyForDeploymentPostprocessing = 0;
		};
		85E4AFDC295BFD54008008C2 /* Sources */ = {
			isa = PBXSourcesBuildPhase;
			buildActionMask = 2147483647;
			files = (
				85E4AFE5295BFD54008008C2 /* ToiletMapsTests.swift in Sources */,
			);
			runOnlyForDeploymentPostprocessing = 0;
		};
		85E4AFE6295BFD54008008C2 /* Sources */ = {
			isa = PBXSourcesBuildPhase;
			buildActionMask = 2147483647;
			files = (
				85E4AFF1295BFD54008008C2 /* ToiletMapsUITestsLaunchTests.swift in Sources */,
				85E4AFEF295BFD54008008C2 /* ToiletMapsUITests.swift in Sources */,
			);
			runOnlyForDeploymentPostprocessing = 0;
		};
/* End PBXSourcesBuildPhase section */

/* Begin PBXTargetDependency section */
		85E4AFE2295BFD54008008C2 /* PBXTargetDependency */ = {
			isa = PBXTargetDependency;
			target = 85E4AFC9295BFD50008008C2 /* ToiletMaps */;
			targetProxy = 85E4AFE1295BFD54008008C2 /* PBXContainerItemProxy */;
		};
		85E4AFEC295BFD54008008C2 /* PBXTargetDependency */ = {
			isa = PBXTargetDependency;
			target = 85E4AFC9295BFD50008008C2 /* ToiletMaps */;
			targetProxy = 85E4AFEB295BFD54008008C2 /* PBXContainerItemProxy */;
		};
/* End PBXTargetDependency section */

/* Begin PBXVariantGroup section */
		85E4AFD3295BFD50008008C2 /* Main.storyboard */ = {
			isa = PBXVariantGroup;
			children = (
				85E4AFD4295BFD50008008C2 /* Base */,
			);
			name = Main.storyboard;
			sourceTree = "<group>";
		};
		85E4AFD8295BFD53008008C2 /* LaunchScreen.storyboard */ = {
			isa = PBXVariantGroup;
			children = (
				85E4AFD9295BFD53008008C2 /* Base */,
			);
			name = LaunchScreen.storyboard;
			sourceTree = "<group>";
		};
/* End PBXVariantGroup section */

/* Begin XCBuildConfiguration section */
		85E4AFF2295BFD54008008C2 /* Debug */ = {
			isa = XCBuildConfiguration;
			buildSettings = {
				ALWAYS_SEARCH_USER_PATHS = NO;
				CLANG_ANALYZER_NONNULL = YES;
				CLANG_ANALYZER_NUMBER_OBJECT_CONVERSION = YES_AGGRESSIVE;
				CLANG_CXX_LANGUAGE_STANDARD = "gnu++20";
				CLANG_ENABLE_MODULES = YES;
				CLANG_ENABLE_OBJC_ARC = YES;
				CLANG_ENABLE_OBJC_WEAK = YES;
				CLANG_WARN_BLOCK_CAPTURE_AUTORELEASING = YES;
				CLANG_WARN_BOOL_CONVERSION = YES;
				CLANG_WARN_COMMA = YES;
				CLANG_WARN_CONSTANT_CONVERSION = YES;
				CLANG_WARN_DEPRECATED_OBJC_IMPLEMENTATIONS = YES;
				CLANG_WARN_DIRECT_OBJC_ISA_USAGE = YES_ERROR;
				CLANG_WARN_DOCUMENTATION_COMMENTS = YES;
				CLANG_WARN_EMPTY_BODY = YES;
				CLANG_WARN_ENUM_CONVERSION = YES;
				CLANG_WARN_INFINITE_RECURSION = YES;
				CLANG_WARN_INT_CONVERSION = YES;
				CLANG_WARN_NON_LITERAL_NULL_CONVERSION = YES;
				CLANG_WARN_OBJC_IMPLICIT_RETAIN_SELF = YES;
				CLANG_WARN_OBJC_LITERAL_CONVERSION = YES;
				CLANG_WARN_OBJC_ROOT_CLASS = YES_ERROR;
				CLANG_WARN_QUOTED_INCLUDE_IN_FRAMEWORK_HEADER = YES;
				CLANG_WARN_RANGE_LOOP_ANALYSIS = YES;
				CLANG_WARN_STRICT_PROTOTYPES = YES;
				CLANG_WARN_SUSPICIOUS_MOVE = YES;
				CLANG_WARN_UNGUARDED_AVAILABILITY = YES_AGGRESSIVE;
				CLANG_WARN_UNREACHABLE_CODE = YES;
				CLANG_WARN__DUPLICATE_METHOD_MATCH = YES;
				COPY_PHASE_STRIP = NO;
				DEBUG_INFORMATION_FORMAT = dwarf;
				ENABLE_STRICT_OBJC_MSGSEND = YES;
				ENABLE_TESTABILITY = YES;
				GCC_C_LANGUAGE_STANDARD = gnu11;
				GCC_DYNAMIC_NO_PIC = NO;
				GCC_NO_COMMON_BLOCKS = YES;
				GCC_OPTIMIZATION_LEVEL = 0;
				GCC_PREPROCESSOR_DEFINITIONS = (
					"DEBUG=1",
					"$(inherited)",
				);
				GCC_WARN_64_TO_32_BIT_CONVERSION = YES;
				GCC_WARN_ABOUT_RETURN_TYPE = YES_ERROR;
				GCC_WARN_UNDECLARED_SELECTOR = YES;
				GCC_WARN_UNINITIALIZED_AUTOS = YES_AGGRESSIVE;
				GCC_WARN_UNUSED_FUNCTION = YES;
				GCC_WARN_UNUSED_VARIABLE = YES;
				IPHONEOS_DEPLOYMENT_TARGET = 16.2;
				MTL_ENABLE_DEBUG_INFO = INCLUDE_SOURCE;
				MTL_FAST_MATH = YES;
				ONLY_ACTIVE_ARCH = YES;
				SDKROOT = iphoneos;
				SWIFT_ACTIVE_COMPILATION_CONDITIONS = DEBUG;
				SWIFT_OPTIMIZATION_LEVEL = "-Onone";
			};
			name = Debug;
		};
		85E4AFF3295BFD54008008C2 /* Release */ = {
			isa = XCBuildConfiguration;
			buildSettings = {
				ALWAYS_SEARCH_USER_PATHS = NO;
				CLANG_ANALYZER_NONNULL = YES;
				CLANG_ANALYZER_NUMBER_OBJECT_CONVERSION = YES_AGGRESSIVE;
				CLANG_CXX_LANGUAGE_STANDARD = "gnu++20";
				CLANG_ENABLE_MODULES = YES;
				CLANG_ENABLE_OBJC_ARC = YES;
				CLANG_ENABLE_OBJC_WEAK = YES;
				CLANG_WARN_BLOCK_CAPTURE_AUTORELEASING = YES;
				CLANG_WARN_BOOL_CONVERSION = YES;
				CLANG_WARN_COMMA = YES;
				CLANG_WARN_CONSTANT_CONVERSION = YES;
				CLANG_WARN_DEPRECATED_OBJC_IMPLEMENTATIONS = YES;
				CLANG_WARN_DIRECT_OBJC_ISA_USAGE = YES_ERROR;
				CLANG_WARN_DOCUMENTATION_COMMENTS = YES;
				CLANG_WARN_EMPTY_BODY = YES;
				CLANG_WARN_ENUM_CONVERSION = YES;
				CLANG_WARN_INFINITE_RECURSION = YES;
				CLANG_WARN_INT_CONVERSION = YES;
				CLANG_WARN_NON_LITERAL_NULL_CONVERSION = YES;
				CLANG_WARN_OBJC_IMPLICIT_RETAIN_SELF = YES;
				CLANG_WARN_OBJC_LITERAL_CONVERSION = YES;
				CLANG_WARN_OBJC_ROOT_CLASS = YES_ERROR;
				CLANG_WARN_QUOTED_INCLUDE_IN_FRAMEWORK_HEADER = YES;
				CLANG_WARN_RANGE_LOOP_ANALYSIS = YES;
				CLANG_WARN_STRICT_PROTOTYPES = YES;
				CLANG_WARN_SUSPICIOUS_MOVE = YES;
				CLANG_WARN_UNGUARDED_AVAILABILITY = YES_AGGRESSIVE;
				CLANG_WARN_UNREACHABLE_CODE = YES;
				CLANG_WARN__DUPLICATE_METHOD_MATCH = YES;
				COPY_PHASE_STRIP = NO;
				DEBUG_INFORMATION_FORMAT = "dwarf-with-dsym";
				ENABLE_NS_ASSERTIONS = NO;
				ENABLE_STRICT_OBJC_MSGSEND = YES;
				GCC_C_LANGUAGE_STANDARD = gnu11;
				GCC_NO_COMMON_BLOCKS = YES;
				GCC_WARN_64_TO_32_BIT_CONVERSION = YES;
				GCC_WARN_ABOUT_RETURN_TYPE = YES_ERROR;
				GCC_WARN_UNDECLARED_SELECTOR = YES;
				GCC_WARN_UNINITIALIZED_AUTOS = YES_AGGRESSIVE;
				GCC_WARN_UNUSED_FUNCTION = YES;
				GCC_WARN_UNUSED_VARIABLE = YES;
				IPHONEOS_DEPLOYMENT_TARGET = 16.2;
				MTL_ENABLE_DEBUG_INFO = NO;
				MTL_FAST_MATH = YES;
				SDKROOT = iphoneos;
				SWIFT_COMPILATION_MODE = wholemodule;
				SWIFT_OPTIMIZATION_LEVEL = "-O";
				VALIDATE_PRODUCT = YES;
			};
			name = Release;
		};
		85E4AFF5295BFD54008008C2 /* Debug */ = {
			isa = XCBuildConfiguration;
			buildSettings = {
				ASSETCATALOG_COMPILER_APPICON_NAME = AppIcon;
				ASSETCATALOG_COMPILER_GLOBAL_ACCENT_COLOR_NAME = AccentColor;
				CODE_SIGN_STYLE = Automatic;
				CURRENT_PROJECT_VERSION = 1;
				GENERATE_INFOPLIST_FILE = YES;
				INFOPLIST_FILE = ToiletMaps/Info.plist;
				INFOPLIST_KEY_UIApplicationSupportsIndirectInputEvents = YES;
				INFOPLIST_KEY_UILaunchStoryboardName = LaunchScreen;
				INFOPLIST_KEY_UIMainStoryboardFile = Main;
				INFOPLIST_KEY_UISupportedInterfaceOrientations_iPad = "UIInterfaceOrientationPortrait UIInterfaceOrientationPortraitUpsideDown UIInterfaceOrientationLandscapeLeft UIInterfaceOrientationLandscapeRight";
				INFOPLIST_KEY_UISupportedInterfaceOrientations_iPhone = "UIInterfaceOrientationPortrait UIInterfaceOrientationLandscapeLeft UIInterfaceOrientationLandscapeRight";
				LD_RUNPATH_SEARCH_PATHS = (
					"$(inherited)",
					"@executable_path/Frameworks",
				);
				MARKETING_VERSION = 1.0;
				PRODUCT_BUNDLE_IDENTIFIER = "Zane-Neelin.ToiletMaps";
				PRODUCT_NAME = "$(TARGET_NAME)";
				SWIFT_EMIT_LOC_STRINGS = YES;
				SWIFT_VERSION = 5.0;
				TARGETED_DEVICE_FAMILY = "1,2";
			};
			name = Debug;
		};
		85E4AFF6295BFD54008008C2 /* Release */ = {
			isa = XCBuildConfiguration;
			buildSettings = {
				ASSETCATALOG_COMPILER_APPICON_NAME = AppIcon;
				ASSETCATALOG_COMPILER_GLOBAL_ACCENT_COLOR_NAME = AccentColor;
				CODE_SIGN_STYLE = Automatic;
				CURRENT_PROJECT_VERSION = 1;
				GENERATE_INFOPLIST_FILE = YES;
				INFOPLIST_FILE = ToiletMaps/Info.plist;
				INFOPLIST_KEY_UIApplicationSupportsIndirectInputEvents = YES;
				INFOPLIST_KEY_UILaunchStoryboardName = LaunchScreen;
				INFOPLIST_KEY_UIMainStoryboardFile = Main;
				INFOPLIST_KEY_UISupportedInterfaceOrientations_iPad = "UIInterfaceOrientationPortrait UIInterfaceOrientationPortraitUpsideDown UIInterfaceOrientationLandscapeLeft UIInterfaceOrientationLandscapeRight";
				INFOPLIST_KEY_UISupportedInterfaceOrientations_iPhone = "UIInterfaceOrientationPortrait UIInterfaceOrientationLandscapeLeft UIInterfaceOrientationLandscapeRight";
				LD_RUNPATH_SEARCH_PATHS = (
					"$(inherited)",
					"@executable_path/Frameworks",
				);
				MARKETING_VERSION = 1.0;
				PRODUCT_BUNDLE_IDENTIFIER = "Zane-Neelin.ToiletMaps";
				PRODUCT_NAME = "$(TARGET_NAME)";
				SWIFT_EMIT_LOC_STRINGS = YES;
				SWIFT_VERSION = 5.0;
				TARGETED_DEVICE_FAMILY = "1,2";
			};
			name = Release;
		};
		85E4AFF8295BFD54008008C2 /* Debug */ = {
			isa = XCBuildConfiguration;
			buildSettings = {
				ALWAYS_EMBED_SWIFT_STANDARD_LIBRARIES = YES;
				BUNDLE_LOADER = "$(TEST_HOST)";
				CODE_SIGN_STYLE = Automatic;
				CURRENT_PROJECT_VERSION = 1;
				GENERATE_INFOPLIST_FILE = YES;
				IPHONEOS_DEPLOYMENT_TARGET = 16.2;
				MARKETING_VERSION = 1.0;
				PRODUCT_BUNDLE_IDENTIFIER = "Zane-Neelin.ToiletMapsTests";
				PRODUCT_NAME = "$(TARGET_NAME)";
				SWIFT_EMIT_LOC_STRINGS = NO;
				SWIFT_VERSION = 5.0;
				TARGETED_DEVICE_FAMILY = "1,2";
				TEST_HOST = "$(BUILT_PRODUCTS_DIR)/ToiletMaps.app/$(BUNDLE_EXECUTABLE_FOLDER_PATH)/ToiletMaps";
			};
			name = Debug;
		};
		85E4AFF9295BFD54008008C2 /* Release */ = {
			isa = XCBuildConfiguration;
			buildSettings = {
				ALWAYS_EMBED_SWIFT_STANDARD_LIBRARIES = YES;
				BUNDLE_LOADER = "$(TEST_HOST)";
				CODE_SIGN_STYLE = Automatic;
				CURRENT_PROJECT_VERSION = 1;
				GENERATE_INFOPLIST_FILE = YES;
				IPHONEOS_DEPLOYMENT_TARGET = 16.2;
				MARKETING_VERSION = 1.0;
				PRODUCT_BUNDLE_IDENTIFIER = "Zane-Neelin.ToiletMapsTests";
				PRODUCT_NAME = "$(TARGET_NAME)";
				SWIFT_EMIT_LOC_STRINGS = NO;
				SWIFT_VERSION = 5.0;
				TARGETED_DEVICE_FAMILY = "1,2";
				TEST_HOST = "$(BUILT_PRODUCTS_DIR)/ToiletMaps.app/$(BUNDLE_EXECUTABLE_FOLDER_PATH)/ToiletMaps";
			};
			name = Release;
		};
		85E4AFFB295BFD54008008C2 /* Debug */ = {
			isa = XCBuildConfiguration;
			buildSettings = {
				ALWAYS_EMBED_SWIFT_STANDARD_LIBRARIES = YES;
				CODE_SIGN_STYLE = Automatic;
				CURRENT_PROJECT_VERSION = 1;
				GENERATE_INFOPLIST_FILE = YES;
				MARKETING_VERSION = 1.0;
				PRODUCT_BUNDLE_IDENTIFIER = "Zane-Neelin.ToiletMapsUITests";
				PRODUCT_NAME = "$(TARGET_NAME)";
				SWIFT_EMIT_LOC_STRINGS = NO;
				SWIFT_VERSION = 5.0;
				TARGETED_DEVICE_FAMILY = "1,2";
				TEST_TARGET_NAME = ToiletMaps;
			};
			name = Debug;
		};
		85E4AFFC295BFD54008008C2 /* Release */ = {
			isa = XCBuildConfiguration;
			buildSettings = {
				ALWAYS_EMBED_SWIFT_STANDARD_LIBRARIES = YES;
				CODE_SIGN_STYLE = Automatic;
				CURRENT_PROJECT_VERSION = 1;
				GENERATE_INFOPLIST_FILE = YES;
				MARKETING_VERSION = 1.0;
				PRODUCT_BUNDLE_IDENTIFIER = "Zane-Neelin.ToiletMapsUITests";
				PRODUCT_NAME = "$(TARGET_NAME)";
				SWIFT_EMIT_LOC_STRINGS = NO;
				SWIFT_VERSION = 5.0;
				TARGETED_DEVICE_FAMILY = "1,2";
				TEST_TARGET_NAME = ToiletMaps;
			};
			name = Release;
		};
/* End XCBuildConfiguration section */

/* Begin XCConfigurationList section */
		85E4AFC5295BFD50008008C2 /* Build configuration list for PBXProject "ToiletMaps" */ = {
			isa = XCConfigurationList;
			buildConfigurations = (
				85E4AFF2295BFD54008008C2 /* Debug */,
				85E4AFF3295BFD54008008C2 /* Release */,
			);
			defaultConfigurationIsVisible = 0;
			defaultConfigurationName = Release;
		};
		85E4AFF4295BFD54008008C2 /* Build configuration list for PBXNativeTarget "ToiletMaps" */ = {
			isa = XCConfigurationList;
			buildConfigurations = (
				85E4AFF5295BFD54008008C2 /* Debug */,
				85E4AFF6295BFD54008008C2 /* Release */,
			);
			defaultConfigurationIsVisible = 0;
			defaultConfigurationName = Release;
		};
		85E4AFF7295BFD54008008C2 /* Build configuration list for PBXNativeTarget "ToiletMapsTests" */ = {
			isa = XCConfigurationList;
			buildConfigurations = (
				85E4AFF8295BFD54008008C2 /* Debug */,
				85E4AFF9295BFD54008008C2 /* Release */,
			);
			defaultConfigurationIsVisible = 0;
			defaultConfigurationName = Release;
		};
		85E4AFFA295BFD54008008C2 /* Build configuration list for PBXNativeTarget "ToiletMapsUITests" */ = {
			isa = XCConfigurationList;
			buildConfigurations = (
				85E4AFFB295BFD54008008C2 /* Debug */,
				85E4AFFC295BFD54008008C2 /* Release */,
			);
			defaultConfigurationIsVisible = 0;
			defaultConfigurationName = Release;
		};
/* End XCConfigurationList section */

/* Begin XCRemoteSwiftPackageReference section */
		85E4B002295C05CD008008C2 /* XCRemoteSwiftPackageReference "firebase-ios-sdk" */ = {
			isa = XCRemoteSwiftPackageReference;
			repositoryURL = "https://github.com/firebase/firebase-ios-sdk";
			requirement = {
				kind = upToNextMajorVersion;
				minimumVersion = 9.0.0;
			};
		};
/* End XCRemoteSwiftPackageReference section */

/* Begin XCSwiftPackageProductDependency section */
		85E4B003295C05CD008008C2 /* FirebaseAnalytics */ = {
			isa = XCSwiftPackageProductDependency;
			package = 85E4B002295C05CD008008C2 /* XCRemoteSwiftPackageReference "firebase-ios-sdk" */;
			productName = FirebaseAnalytics;
		};
		85E4B005295C05CE008008C2 /* FirebaseAuth */ = {
			isa = XCSwiftPackageProductDependency;
			package = 85E4B002295C05CD008008C2 /* XCRemoteSwiftPackageReference "firebase-ios-sdk" */;
			productName = FirebaseAuth;
		};
		85E4B007295C05CE008008C2 /* FirebaseDatabase */ = {
			isa = XCSwiftPackageProductDependency;
			package = 85E4B002295C05CD008008C2 /* XCRemoteSwiftPackageReference "firebase-ios-sdk" */;
			productName = FirebaseDatabase;
		};
		85E4B009295C05CE008008C2 /* FirebaseStorage */ = {
			isa = XCSwiftPackageProductDependency;
			package = 85E4B002295C05CD008008C2 /* XCRemoteSwiftPackageReference "firebase-ios-sdk" */;
			productName = FirebaseStorage;
		};
/* End XCSwiftPackageProductDependency section */
	};
	rootObject = 85E4AFC2295BFD50008008C2 /* Project object */;
}
